
Microsoft Visual Studio Solution File, Format Version 12.00
# Visual Studio Version 16
VisualStudioVersion = 16.0.810.11
MinimumVisualStudioVersion = 10.0.40219.1
Project("{FAE04EC0-301F-11D3-BF4B-00C04F79EFBC}") = "MessagePlatform", "MessagePlatform\MessagePlatform.csproj", "{09F96294-B05C-4F69-944D-9FA93B7200D3}"
EndProject
Project("{FAE04EC0-301F-11D3-BF4B-00C04F79EFBC}") = "MessagePlatform.Tests", "MessagePlatform.Tests\MessagePlatform.Tests.csproj", "{5BE21926-1083-4B8B-AC42-154FE643C24F}"
EndProject
Project("{2150E333-8FDC-42A3-9474-1A3956D46DE8}") = "Solution Folder", "Solution Folder", "{7086E09A-EA0B-4A27-A609-9737E670AD83}"
	ProjectSection(SolutionItems) = preProject
		Readme.md = Readme.md
	EndProjectSection
EndProject
Global
	GlobalSection(SolutionConfigurationPlatforms) = preSolution
		Debug|Any CPU = Debug|Any CPU
		Release|Any CPU = Release|Any CPU
	EndGlobalSection
	GlobalSection(ProjectConfigurationPlatforms) = postSolution
		{09F96294-B05C-4F69-944D-9FA93B7200D3}.Debug|Any CPU.ActiveCfg = Debug|Any CPU
		{09F96294-B05C-4F69-944D-9FA93B7200D3}.Debug|Any CPU.Build.0 = Debug|Any CPU
		{09F96294-B05C-4F69-944D-9FA93B7200D3}.Release|Any CPU.ActiveCfg = Release|Any CPU
		{09F96294-B05C-4F69-944D-9FA93B7200D3}.Release|Any CPU.Build.0 = Release|Any CPU
		{5BE21926-1083-4B8B-AC42-154FE643C24F}.Debug|Any CPU.ActiveCfg = Debug|Any CPU
		{5BE21926-1083-4B8B-AC42-154FE643C24F}.Debug|Any CPU.Build.0 = Debug|Any CPU
		{5BE21926-1083-4B8B-AC42-154FE643C24F}.Release|Any CPU.ActiveCfg = Release|Any CPU
		{5BE21926-1083-4B8B-AC42-154FE643C24F}.Release|Any CPU.Build.0 = Release|Any CPU
	EndGlobalSection
	GlobalSection(SolutionProperties) = preSolution
		HideSolutionNode = FALSE
	EndGlobalSection
	GlobalSection(ExtensibilityGlobals) = postSolution
		SolutionGuid = {6D13154A-2FAB-47DD-8C3F-2E8D082F6028}
	EndGlobalSection
EndGlobal
